
Microsoft Visual Studio Solution File, Format Version 12.00
# Visual Studio Version 16
VisualStudioVersion = 16.0.33328.57
MinimumVisualStudioVersion = 10.0.40219.1
Project("{FAE04EC0-301F-11D3-BF4B-00C04F79EFBC}") = "0310", "0310\0310.csproj", "{2B0324D2-E864-4720-B603-8D306C89DBE4}"
EndProject
Project("{FAE04EC0-301F-11D3-BF4B-00C04F79EFBC}") = "study16_streamreader_writer", "study16_streamreader_writer\study16_streamreader_writer.csproj", "{F9BF7E3D-2819-4EE2-A3A9-9C17C9B2C8B4}"
EndProject
Global
	GlobalSection(SolutionConfigurationPlatforms) = preSolution
		Debug|Any CPU = Debug|Any CPU
		Release|Any CPU = Release|Any CPU
	EndGlobalSection
	GlobalSection(ProjectConfigurationPlatforms) = postSolution
		{2B0324D2-E864-4720-B603-8D306C89DBE4}.Debug|Any CPU.ActiveCfg = Debug|Any CPU
		{2B0324D2-E864-4720-B603-8D306C89DBE4}.Debug|Any CPU.Build.0 = Debug|Any CPU
		{2B0324D2-E864-4720-B603-8D306C89DBE4}.Release|Any CPU.ActiveCfg = Release|Any CPU
		{2B0324D2-E864-4720-B603-8D306C89DBE4}.Release|Any CPU.Build.0 = Release|Any CPU
		{F9BF7E3D-2819-4EE2-A3A9-9C17C9B2C8B4}.Debug|Any CPU.ActiveCfg = Debug|Any CPU
		{F9BF7E3D-2819-4EE2-A3A9-9C17C9B2C8B4}.Debug|Any CPU.Build.0 = Debug|Any CPU
		{F9BF7E3D-2819-4EE2-A3A9-9C17C9B2C8B4}.Release|Any CPU.ActiveCfg = Release|Any CPU
		{F9BF7E3D-2819-4EE2-A3A9-9C17C9B2C8B4}.Release|Any CPU.Build.0 = Release|Any CPU
	EndGlobalSection
	GlobalSection(SolutionProperties) = preSolution
		HideSolutionNode = FALSE
	EndGlobalSection
	GlobalSection(ExtensibilityGlobals) = postSolution
		SolutionGuid = {1E5B3D05-5319-41FA-A4CD-7608CDE98AE3}
	EndGlobalSection
EndGlobal
