
Microsoft Visual Studio Solution File, Format Version 12.00
# Visual Studio Version 16
VisualStudioVersion = 16.0.33328.57
MinimumVisualStudioVersion = 10.0.40219.1
Project("{FAE04EC0-301F-11D3-BF4B-00C04F79EFBC}") = "0310", "0310\0310.csproj", "{2B0324D2-E864-4720-B603-8D306C89DBE4}"
EndProject
Project("{FAE04EC0-301F-11D3-BF4B-00C04F79EFBC}") = "study16_streamreader_writer", "study16_streamreader_writer\study16_streamreader_writer.csproj", "{F9BF7E3D-2819-4EE2-A3A9-9C17C9B2C8B4}"
EndProject
Project("{FAE04EC0-301F-11D3-BF4B-00C04F79EFBC}") = "study18_Timer", "study18_Timer\study18_Timer.csproj", "{6220D944-26C1-4D6D-9DA5-9D2A9151B09F}"
EndProject
Project("{FAE04EC0-301F-11D3-BF4B-00C04F79EFBC}") = "study19_암호화_복호화", "study19_암호화_복호화\study19_암호화_복호화.csproj", "{B253127B-DE71-42B5-9F52-A6C616FE9EED}"
EndProject
Project("{FAE04EC0-301F-11D3-BF4B-00C04F79EFBC}") = "study20_Queue_Stack", "study20_Queue_Stack\study20_Queue_Stack.csproj", "{F25F6DFB-D964-489F-8B01-58DE9B39C67D}"
EndProject
Project("{FAE04EC0-301F-11D3-BF4B-00C04F79EFBC}") = "study21_ArrayList_List", "study21_ArrayList_List\study21_ArrayList_List.csproj", "{3B9CEE5F-C986-4722-8A97-6660478E3CB1}"
EndProject
Global
	GlobalSection(SolutionConfigurationPlatforms) = preSolution
		Debug|Any CPU = Debug|Any CPU
		Release|Any CPU = Release|Any CPU
	EndGlobalSection
	GlobalSection(ProjectConfigurationPlatforms) = postSolution
		{2B0324D2-E864-4720-B603-8D306C89DBE4}.Debug|Any CPU.ActiveCfg = Debug|Any CPU
		{2B0324D2-E864-4720-B603-8D306C89DBE4}.Debug|Any CPU.Build.0 = Debug|Any CPU
		{2B0324D2-E864-4720-B603-8D306C89DBE4}.Release|Any CPU.ActiveCfg = Release|Any CPU
		{2B0324D2-E864-4720-B603-8D306C89DBE4}.Release|Any CPU.Build.0 = Release|Any CPU
		{F9BF7E3D-2819-4EE2-A3A9-9C17C9B2C8B4}.Debug|Any CPU.ActiveCfg = Debug|Any CPU
		{F9BF7E3D-2819-4EE2-A3A9-9C17C9B2C8B4}.Debug|Any CPU.Build.0 = Debug|Any CPU
		{F9BF7E3D-2819-4EE2-A3A9-9C17C9B2C8B4}.Release|Any CPU.ActiveCfg = Release|Any CPU
		{F9BF7E3D-2819-4EE2-A3A9-9C17C9B2C8B4}.Release|Any CPU.Build.0 = Release|Any CPU
		{6220D944-26C1-4D6D-9DA5-9D2A9151B09F}.Debug|Any CPU.ActiveCfg = Debug|Any CPU
		{6220D944-26C1-4D6D-9DA5-9D2A9151B09F}.Debug|Any CPU.Build.0 = Debug|Any CPU
		{6220D944-26C1-4D6D-9DA5-9D2A9151B09F}.Release|Any CPU.ActiveCfg = Release|Any CPU
		{6220D944-26C1-4D6D-9DA5-9D2A9151B09F}.Release|Any CPU.Build.0 = Release|Any CPU
		{B253127B-DE71-42B5-9F52-A6C616FE9EED}.Debug|Any CPU.ActiveCfg = Debug|Any CPU
		{B253127B-DE71-42B5-9F52-A6C616FE9EED}.Debug|Any CPU.Build.0 = Debug|Any CPU
		{B253127B-DE71-42B5-9F52-A6C616FE9EED}.Release|Any CPU.ActiveCfg = Release|Any CPU
		{B253127B-DE71-42B5-9F52-A6C616FE9EED}.Release|Any CPU.Build.0 = Release|Any CPU
		{F25F6DFB-D964-489F-8B01-58DE9B39C67D}.Debug|Any CPU.ActiveCfg = Debug|Any CPU
		{F25F6DFB-D964-489F-8B01-58DE9B39C67D}.Debug|Any CPU.Build.0 = Debug|Any CPU
		{F25F6DFB-D964-489F-8B01-58DE9B39C67D}.Release|Any CPU.ActiveCfg = Release|Any CPU
		{F25F6DFB-D964-489F-8B01-58DE9B39C67D}.Release|Any CPU.Build.0 = Release|Any CPU
		{3B9CEE5F-C986-4722-8A97-6660478E3CB1}.Debug|Any CPU.ActiveCfg = Debug|Any CPU
		{3B9CEE5F-C986-4722-8A97-6660478E3CB1}.Debug|Any CPU.Build.0 = Debug|Any CPU
		{3B9CEE5F-C986-4722-8A97-6660478E3CB1}.Release|Any CPU.ActiveCfg = Release|Any CPU
		{3B9CEE5F-C986-4722-8A97-6660478E3CB1}.Release|Any CPU.Build.0 = Release|Any CPU
	EndGlobalSection
	GlobalSection(SolutionProperties) = preSolution
		HideSolutionNode = FALSE
	EndGlobalSection
	GlobalSection(ExtensibilityGlobals) = postSolution
		SolutionGuid = {1E5B3D05-5319-41FA-A4CD-7608CDE98AE3}
	EndGlobalSection
EndGlobal
